
Microsoft Visual Studio Solution File, Format Version 12.00
# Visual Studio 15
Project("{FAE04EC0-301F-11D3-BF4B-00C04F79EFBC}") = "Assembly-CSharp", "Assembly-CSharp.csproj", "{CAB5AC7C-3E39-ED0E-B085-F0D894388B65}"
EndProject
Project("{FAE04EC0-301F-11D3-BF4B-00C04F79EFBC}") = "Assembly-CSharp-firstpass", "Assembly-CSharp-firstpass.csproj", "{FAC94FF4-6DB0-5DC6-20FB-56589366747E}"
EndProject
Global
	GlobalSection(SolutionConfigurationPlatforms) = preSolution
		Debug|Any CPU = Debug|Any CPU
		Release|Any CPU = Release|Any CPU
	EndGlobalSection
	GlobalSection(ProjectConfigurationPlatforms) = postSolution
		{CAB5AC7C-3E39-ED0E-B085-F0D894388B65}.Debug|Any CPU.ActiveCfg = Debug|Any CPU
		{CAB5AC7C-3E39-ED0E-B085-F0D894388B65}.Debug|Any CPU.Build.0 = Debug|Any CPU
		{CAB5AC7C-3E39-ED0E-B085-F0D894388B65}.Release|Any CPU.ActiveCfg = Release|Any CPU
		{CAB5AC7C-3E39-ED0E-B085-F0D894388B65}.Release|Any CPU.Build.0 = Release|Any CPU
		{FAC94FF4-6DB0-5DC6-20FB-56589366747E}.Debug|Any CPU.ActiveCfg = Debug|Any CPU
		{FAC94FF4-6DB0-5DC6-20FB-56589366747E}.Debug|Any CPU.Build.0 = Debug|Any CPU
		{FAC94FF4-6DB0-5DC6-20FB-56589366747E}.Release|Any CPU.ActiveCfg = Release|Any CPU
		{FAC94FF4-6DB0-5DC6-20FB-56589366747E}.Release|Any CPU.Build.0 = Release|Any CPU
	EndGlobalSection
	GlobalSection(SolutionProperties) = preSolution
		HideSolutionNode = FALSE
	EndGlobalSection
EndGlobal
